// !$*UTF8*$!
{
	archiveVersion = 1;
	classes = {
	};
	objectVersion = 48;
	objects = {

/* Begin PBXBuildFile section */
		63A026CF1F56566F00714752 /* AppDelegate.swift in Sources */ = {isa = PBXBuildFile; fileRef = 63A026CE1F56566F00714752 /* AppDelegate.swift */; };
		63A026D11F56566F00714752 /* ViewController.swift in Sources */ = {isa = PBXBuildFile; fileRef = 63A026D01F56566F00714752 /* ViewController.swift */; };
		63A026D41F56566F00714752 /* Main.storyboard in Resources */ = {isa = PBXBuildFile; fileRef = 63A026D21F56566F00714752 /* Main.storyboard */; };
		63A026D61F56566F00714752 /* Assets.xcassets in Resources */ = {isa = PBXBuildFile; fileRef = 63A026D51F56566F00714752 /* Assets.xcassets */; };
		63A026D91F56566F00714752 /* LaunchScreen.storyboard in Resources */ = {isa = PBXBuildFile; fileRef = 63A026D71F56566F00714752 /* LaunchScreen.storyboard */; };
		63A026E21F5656DF00714752 /* HNATripsController.swift in Sources */ = {isa = PBXBuildFile; fileRef = 63A026E11F5656DF00714752 /* HNATripsController.swift */; };
/* End PBXBuildFile section */

/* Begin PBXFileReference section */
		63A026CB1F56566F00714752 /* HNAWebView.app */ = {isa = PBXFileReference; explicitFileType = wrapper.application; includeInIndex = 0; path = HNAWebView.app; sourceTree = BUILT_PRODUCTS_DIR; };
		63A026CE1F56566F00714752 /* AppDelegate.swift */ = {isa = PBXFileReference; lastKnownFileType = sourcecode.swift; path = AppDelegate.swift; sourceTree = "<group>"; };
		63A026D01F56566F00714752 /* ViewController.swift */ = {isa = PBXFileReference; lastKnownFileType = sourcecode.swift; path = ViewController.swift; sourceTree = "<group>"; };
		63A026D31F56566F00714752 /* Base */ = {isa = PBXFileReference; lastKnownFileType = file.storyboard; name = Base; path = Base.lproj/Main.storyboard; sourceTree = "<group>"; };
		63A026D51F56566F00714752 /* Assets.xcassets */ = {isa = PBXFileReference; lastKnownFileType = folder.assetcatalog; path = Assets.xcassets; sourceTree = "<group>"; };
		63A026D81F56566F00714752 /* Base */ = {isa = PBXFileReference; lastKnownFileType = file.storyboard; name = Base; path = Base.lproj/LaunchScreen.storyboard; sourceTree = "<group>"; };
		63A026DA1F56566F00714752 /* Info.plist */ = {isa = PBXFileReference; lastKnownFileType = text.plist.xml; path = Info.plist; sourceTree = "<group>"; };
		63A026E11F5656DF00714752 /* HNATripsController.swift */ = {isa = PBXFileReference; lastKnownFileType = sourcecode.swift; path = HNATripsController.swift; sourceTree = "<group>"; };
/* End PBXFileReference section */

/* Begin PBXFrameworksBuildPhase section */
		63A026C81F56566F00714752 /* Frameworks */ = {
			isa = PBXFrameworksBuildPhase;
			buildActionMask = 2147483647;
			files = (
			);
			runOnlyForDeploymentPostprocessing = 0;
		};
/* End PBXFrameworksBuildPhase section */

/* Begin PBXGroup section */
		63A026C21F56566F00714752 = {
			isa = PBXGroup;
			children = (
				63A026CD1F56566F00714752 /* HNAWebView */,
				63A026CC1F56566F00714752 /* Products */,
			);
			sourceTree = "<group>";
		};
		63A026CC1F56566F00714752 /* Products */ = {
			isa = PBXGroup;
			children = (
				63A026CB1F56566F00714752 /* HNAWebView.app */,
			);
			name = Products;
			sourceTree = "<group>";
		};
		63A026CD1F56566F00714752 /* HNAWebView */ = {
			isa = PBXGroup;
			children = (
				63A026CE1F56566F00714752 /* AppDelegate.swift */,
				63A026D01F56566F00714752 /* ViewController.swift */,
				63A026E11F5656DF00714752 /* HNATripsController.swift */,
				63A026D21F56566F00714752 /* Main.storyboard */,
				63A026D51F56566F00714752 /* Assets.xcassets */,
				63A026D71F56566F00714752 /* LaunchScreen.storyboard */,
				63A026DA1F56566F00714752 /* Info.plist */,
			);
			path = HNAWebView;
			sourceTree = "<group>";
		};
/* End PBXGroup section */

/* Begin PBXNativeTarget section */
		63A026CA1F56566F00714752 /* HNAWebView */ = {
			isa = PBXNativeTarget;
			buildConfigurationList = 63A026DD1F56566F00714752 /* Build configuration list for PBXNativeTarget "HNAWebView" */;
			buildPhases = (
				63A026C71F56566F00714752 /* Sources */,
				63A026C81F56566F00714752 /* Frameworks */,
				63A026C91F56566F00714752 /* Resources */,
			);
			buildRules = (
			);
			dependencies = (
			);
			name = HNAWebView;
			productName = HNAWebView;
			productReference = 63A026CB1F56566F00714752 /* HNAWebView.app */;
			productType = "com.apple.product-type.application";
		};
/* End PBXNativeTarget section */

/* Begin PBXProject section */
		63A026C31F56566F00714752 /* Project object */ = {
			isa = PBXProject;
			attributes = {
				LastSwiftUpdateCheck = 0900;
				LastUpgradeCheck = 0900;
				ORGANIZATIONNAME = "__无邪_";
				TargetAttributes = {
					63A026CA1F56566F00714752 = {
						CreatedOnToolsVersion = 9.0;
					};
				};
			};
			buildConfigurationList = 63A026C61F56566F00714752 /* Build configuration list for PBXProject "HNAWebView" */;
			compatibilityVersion = "Xcode 8.0";
			developmentRegion = en;
			hasScannedForEncodings = 0;
			knownRegions = (
				en,
				Base,
			);
			mainGroup = 63A026C21F56566F00714752;
			productRefGroup = 63A026CC1F56566F00714752 /* Products */;
			projectDirPath = "";
			projectRoot = "";
			targets = (
				63A026CA1F56566F00714752 /* HNAWebView */,
			);
		};
/* End PBXProject section */

/* Begin PBXResourcesBuildPhase section */
		63A026C91F56566F00714752 /* Resources */ = {
			isa = PBXResourcesBuildPhase;
			buildActionMask = 2147483647;
			files = (
				63A026D91F56566F00714752 /* LaunchScreen.storyboard in Resources */,
				63A026D61F56566F00714752 /* Assets.xcassets in Resources */,
				63A026D41F56566F00714752 /* Main.storyboard in Resources */,
			);
			runOnlyForDeploymentPostprocessing = 0;
		};
/* End PBXResourcesBuildPhase section */

/* Begin PBXSourcesBuildPhase section */
		63A026C71F56566F00714752 /* Sources */ = {
			isa = PBXSourcesBuildPhase;
			buildActionMask = 2147483647;
			files = (
				63A026E21F5656DF00714752 /* HNATripsController.swift in Sources */,
				63A026D11F56566F00714752 /* ViewController.swift in Sources */,
				63A026CF1F56566F00714752 /* AppDelegate.swift in Sources */,
			);
			runOnlyForDeploymentPostprocessing = 0;
		};
/* End PBXSourcesBuildPhase section */

/* Begin PBXVariantGroup section */
		63A026D21F56566F00714752 /* Main.storyboard */ = {
			isa = PBXVariantGroup;
			children = (
				63A026D31F56566F00714752 /* Base */,
			);
			name = Main.storyboard;
			sourceTree = "<group>";
		};
		63A026D71F56566F00714752 /* LaunchScreen.storyboard */ = {
			isa = PBXVariantGroup;
			children = (
				63A026D81F56566F00714752 /* Base */,
			);
			name = LaunchScreen.storyboard;
			sourceTree = "<group>";
		};
/* End PBXVariantGroup section */

/* Begin XCBuildConfiguration section */
		63A026DB1F56566F00714752 /* Debug */ = {
			isa = XCBuildConfiguration;
			buildSettings = {
				ALWAYS_SEARCH_USER_PATHS = NO;
				CLANG_ANALYZER_NONNULL = YES;
				CLANG_ANALYZER_NUMBER_OBJECT_CONVERSION = YES_AGGRESSIVE;
				CLANG_CXX_LANGUAGE_STANDARD = "gnu++14";
				CLANG_CXX_LIBRARY = "libc++";
				CLANG_ENABLE_MODULES = YES;
				CLANG_ENABLE_OBJC_ARC = YES;
				CLANG_WARN_BLOCK_CAPTURE_AUTORELEASING = YES;
				CLANG_WARN_BOOL_CONVERSION = YES;
				CLANG_WARN_COMMA = YES;
				CLANG_WARN_CONSTANT_CONVERSION = YES;
				CLANG_WARN_DIRECT_OBJC_ISA_USAGE = YES_ERROR;
				CLANG_WARN_DOCUMENTATION_COMMENTS = YES;
				CLANG_WARN_EMPTY_BODY = YES;
				CLANG_WARN_ENUM_CONVERSION = YES;
				CLANG_WARN_INFINITE_RECURSION = YES;
				CLANG_WARN_INT_CONVERSION = YES;
				CLANG_WARN_NON_LITERAL_NULL_CONVERSION = YES;
				CLANG_WARN_OBJC_LITERAL_CONVERSION = YES;
				CLANG_WARN_OBJC_ROOT_CLASS = YES_ERROR;
				CLANG_WARN_RANGE_LOOP_ANALYSIS = YES;
				CLANG_WARN_STRICT_PROTOTYPES = YES;
				CLANG_WARN_SUSPICIOUS_MOVE = YES;
				CLANG_WARN_UNGUARDED_AVAILABILITY = YES_AGGRESSIVE;
				CLANG_WARN_UNREACHABLE_CODE = YES;
				CLANG_WARN__DUPLICATE_METHOD_MATCH = YES;
				CODE_SIGN_IDENTITY = "iPhone Developer";
				COPY_PHASE_STRIP = NO;
				DEBUG_INFORMATION_FORMAT = dwarf;
				ENABLE_STRICT_OBJC_MSGSEND = YES;
				ENABLE_TESTABILITY = YES;
				GCC_C_LANGUAGE_STANDARD = gnu11;
				GCC_DYNAMIC_NO_PIC = NO;
				GCC_NO_COMMON_BLOCKS = YES;
				GCC_OPTIMIZATION_LEVEL = 0;
				GCC_PREPROCESSOR_DEFINITIONS = (
					"DEBUG=1",
					"$(inherited)",
				);
				GCC_WARN_64_TO_32_BIT_CONVERSION = YES;
				GCC_WARN_ABOUT_RETURN_TYPE = YES_ERROR;
				GCC_WARN_UNDECLARED_SELECTOR = YES;
				GCC_WARN_UNINITIALIZED_AUTOS = YES_AGGRESSIVE;
				GCC_WARN_UNUSED_FUNCTION = YES;
				GCC_WARN_UNUSED_VARIABLE = YES;
				IPHONEOS_DEPLOYMENT_TARGET = 11.0;
				MTL_ENABLE_DEBUG_INFO = YES;
				ONLY_ACTIVE_ARCH = YES;
				SDKROOT = iphoneos;
				SWIFT_ACTIVE_COMPILATION_CONDITIONS = DEBUG;
				SWIFT_OPTIMIZATION_LEVEL = "-Onone";
			};
			name = Debug;
		};
		63A026DC1F56566F00714752 /* Release */ = {
			isa = XCBuildConfiguration;
			buildSettings = {
				ALWAYS_SEARCH_USER_PATHS = NO;
				CLANG_ANALYZER_NONNULL = YES;
				CLANG_ANALYZER_NUMBER_OBJECT_CONVERSION = YES_AGGRESSIVE;
				CLANG_CXX_LANGUAGE_STANDARD = "gnu++14";
				CLANG_CXX_LIBRARY = "libc++";
				CLANG_ENABLE_MODULES = YES;
				CLANG_ENABLE_OBJC_ARC = YES;
				CLANG_WARN_BLOCK_CAPTURE_AUTORELEASING = YES;
				CLANG_WARN_BOOL_CONVERSION = YES;
				CLANG_WARN_COMMA = YES;
				CLANG_WARN_CONSTANT_CONVERSION = YES;
				CLANG_WARN_DIRECT_OBJC_ISA_USAGE = YES_ERROR;
				CLANG_WARN_DOCUMENTATION_COMMENTS = YES;
				CLANG_WARN_EMPTY_BODY = YES;
				CLANG_WARN_ENUM_CONVERSION = YES;
				CLANG_WARN_INFINITE_RECURSION = YES;
				CLANG_WARN_INT_CONVERSION = YES;
				CLANG_WARN_NON_LITERAL_NULL_CONVERSION = YES;
				CLANG_WARN_OBJC_LITERAL_CONVERSION = YES;
				CLANG_WARN_OBJC_ROOT_CLASS = YES_ERROR;
				CLANG_WARN_RANGE_LOOP_ANALYSIS = YES;
				CLANG_WARN_STRICT_PROTOTYPES = YES;
				CLANG_WARN_SUSPICIOUS_MOVE = YES;
				CLANG_WARN_UNGUARDED_AVAILABILITY = YES_AGGRESSIVE;
				CLANG_WARN_UNREACHABLE_CODE = YES;
				CLANG_WARN__DUPLICATE_METHOD_MATCH = YES;
				CODE_SIGN_IDENTITY = "iPhone Developer";
				COPY_PHASE_STRIP = NO;
				DEBUG_INFORMATION_FORMAT = "dwarf-with-dsym";
				ENABLE_NS_ASSERTIONS = NO;
				ENABLE_STRICT_OBJC_MSGSEND = YES;
				GCC_C_LANGUAGE_STANDARD = gnu11;
				GCC_NO_COMMON_BLOCKS = YES;
				GCC_WARN_64_TO_32_BIT_CONVERSION = YES;
				GCC_WARN_ABOUT_RETURN_TYPE = YES_ERROR;
				GCC_WARN_UNDECLARED_SELECTOR = YES;
				GCC_WARN_UNINITIALIZED_AUTOS = YES_AGGRESSIVE;
				GCC_WARN_UNUSED_FUNCTION = YES;
				GCC_WARN_UNUSED_VARIABLE = YES;
				IPHONEOS_DEPLOYMENT_TARGET = 11.0;
				MTL_ENABLE_DEBUG_INFO = NO;
				SDKROOT = iphoneos;
				SWIFT_OPTIMIZATION_LEVEL = "-Owholemodule";
				VALIDATE_PRODUCT = YES;
			};
			name = Release;
		};
		63A026DE1F56566F00714752 /* Debug */ = {
			isa = XCBuildConfiguration;
			buildSettings = {
				ASSETCATALOG_COMPILER_APPICON_NAME = AppIcon;
				DEVELOPMENT_TEAM = ALC8X8425P;
				INFOPLIST_FILE = HNAWebView/Info.plist;
				LD_RUNPATH_SEARCH_PATHS = "$(inherited) @executable_path/Frameworks";
				PRODUCT_BUNDLE_IDENTIFIER = com.fqah.webview;
				PRODUCT_NAME = "$(TARGET_NAME)";
				SWIFT_VERSION = 4.0;
				TARGETED_DEVICE_FAMILY = "1,2";
			};
			name = Debug;
		};
		63A026DF1F56566F00714752 /* Release */ = {
			isa = XCBuildConfiguration;
			buildSettings = {
				ASSETCATALOG_COMPILER_APPICON_NAME = AppIcon;
				DEVELOPMENT_TEAM = ALC8X8425P;
				INFOPLIST_FILE = HNAWebView/Info.plist;
				LD_RUNPATH_SEARCH_PATHS = "$(inherited) @executable_path/Frameworks";
				PRODUCT_BUNDLE_IDENTIFIER = com.fqah.webview;
				PRODUCT_NAME = "$(TARGET_NAME)";
				SWIFT_VERSION = 4.0;
				TARGETED_DEVICE_FAMILY = "1,2";
			};
			name = Release;
		};
/* End XCBuildConfiguration section */

/* Begin XCConfigurationList section */
		63A026C61F56566F00714752 /* Build configuration list for PBXProject "HNAWebView" */ = {
			isa = XCConfigurationList;
			buildConfigurations = (
				63A026DB1F56566F00714752 /* Debug */,
				63A026DC1F56566F00714752 /* Release */,
			);
			defaultConfigurationIsVisible = 0;
			defaultConfigurationName = Release;
		};
		63A026DD1F56566F00714752 /* Build configuration list for PBXNativeTarget "HNAWebView" */ = {
			isa = XCConfigurationList;
			buildConfigurations = (
				63A026DE1F56566F00714752 /* Debug */,
				63A026DF1F56566F00714752 /* Release */,
			);
			defaultConfigurationIsVisible = 0;
			defaultConfigurationName = Release;
		};
/* End XCConfigurationList section */
	};
	rootObject = 63A026C31F56566F00714752 /* Project object */;
}
